Microsoft Visual Studio Solution File, Format Version 12.00
# Visual Studio 2012
Project("{FAE04EC0-301F-11D3-BF4B-00C04F79EFBC}") = "GDNostr", "GDNostr.csproj", "{CF5C02DD-8363-4D2A-98AA-53283C30FD7D}"
EndProject
Global
	GlobalSection(SolutionConfigurationPlatforms) = preSolution
	Debug|Any CPU = Debug|Any CPU
	ExportDebug|Any CPU = ExportDebug|Any CPU
	ExportRelease|Any CPU = ExportRelease|Any CPU
	EndGlobalSection
	GlobalSection(ProjectConfigurationPlatforms) = postSolution
		{CF5C02DD-8363-4D2A-98AA-53283C30FD7D}.Debug|Any CPU.ActiveCfg = Debug|Any CPU
		{CF5C02DD-8363-4D2A-98AA-53283C30FD7D}.Debug|Any CPU.Build.0 = Debug|Any CPU
		{CF5C02DD-8363-4D2A-98AA-53283C30FD7D}.ExportDebug|Any CPU.ActiveCfg = ExportDebug|Any CPU
		{CF5C02DD-8363-4D2A-98AA-53283C30FD7D}.ExportDebug|Any CPU.Build.0 = ExportDebug|Any CPU
		{CF5C02DD-8363-4D2A-98AA-53283C30FD7D}.ExportRelease|Any CPU.ActiveCfg = ExportRelease|Any CPU
		{CF5C02DD-8363-4D2A-98AA-53283C30FD7D}.ExportRelease|Any CPU.Build.0 = ExportRelease|Any CPU
	EndGlobalSection
EndGlobal
